version = 1
revision = 1
requires-python = ">=3.11"
resolution-markers = [
    "python_full_version >= '3.12' and sys_platform == 'darwin'",
    "python_full_version >= '3.12' and platform_machine == 'aarch64' and sys_platform == 'linux'",
    "(python_full_version >= '3.12' and platform_machine != 'aarch64' and sys_platform == 'linux') or (python_full_version >= '3.12' and sys_platform != 'darwin' and sys_platform != 'linux')",
    "python_full_version < '3.12' and sys_platform == 'darwin'",
    "python_full_version < '3.12' and platform_machine == 'aarch64' and sys_platform == 'linux'",
    "(python_full_version < '3.12' and platform_machine != 'aarch64' and sys_platform == 'linux') or (python_full_version < '3.12' and sys_platform != 'darwin' and sys_platform != 'linux')",
]

[[package]]
name = "dive-color-corrector"
source = { editable = "." }
dependencies = [
    { name = "numpy" },
    { name = "opencv-python" },
]

[package.optional-dependencies]
gui = [
    { name = "pysimplegui" },
]

[package.metadata]
requires-dist = [
    { name = "numpy", specifier = ">=1.24.0" },
    { name = "opencv-python", specifier = ">=4.8.0" },
    { name = "pysimplegui", marker = "extra == 'gui'", specifier = ">=4.60.0" },
]
provides-extras = ["gui"]

[[package]]
name = "numpy"
version = "2.2.4"
source = { registry = "https://pypi.org/simple" }
sdist = { url = "https://files.pythonhosted.org/packages/e1/78/31103410a57bc2c2b93a3597340a8119588571f6a4539067546cb9a0bfac/numpy-2.2.4.tar.gz", hash = "sha256:9ba03692a45d3eef66559efe1d1096c4b9b75c0986b5dff5530c378fb8331d4f", size = 20270701 }
wheels = [
    { url = "https://files.pythonhosted.org/packages/16/fb/09e778ee3a8ea0d4dc8329cca0a9c9e65fed847d08e37eba74cb7ed4b252/numpy-2.2.4-cp311-cp311-macosx_10_9_x86_64.whl", hash = "sha256:e9e0a277bb2eb5d8a7407e14688b85fd8ad628ee4e0c7930415687b6564207a4", size = 21254989 },
    { url = "https://files.pythonhosted.org/packages/a2/0a/1212befdbecab5d80eca3cde47d304cad986ad4eec7d85a42e0b6d2cc2ef/numpy-2.2.4-cp311-cp311-macosx_11_0_arm64.whl", hash = "sha256:9eeea959168ea555e556b8188da5fa7831e21d91ce031e95ce23747b7609f8a4", size = 14425910 },
    { url = "https://files.pythonhosted.org/packages/2b/3e/e7247c1d4f15086bb106c8d43c925b0b2ea20270224f5186fa48d4fb5cbd/numpy-2.2.4-cp311-cp311-macosx_14_0_arm64.whl", hash = "sha256:bd3ad3b0a40e713fc68f99ecfd07124195333f1e689387c180813f0e94309d6f", size = 5426490 },
    { url = "https://files.pythonhosted.org/packages/5d/fa/aa7cd6be51419b894c5787a8a93c3302a1ed4f82d35beb0613ec15bdd0e2/numpy-2.2.4-cp311-cp311-macosx_14_0_x86_64.whl", hash = "sha256:cf28633d64294969c019c6df4ff37f5698e8326db68cc2b66576a51fad634880", size = 6967754 },
    { url = "https://files.pythonhosted.org/packages/d5/ee/96457c943265de9fadeb3d2ffdbab003f7fba13d971084a9876affcda095/numpy-2.2.4-cp311-cp311-manylinux_2_17_aarch64.manylinux2014_aarch64.whl", hash = "sha256:2fa8fa7697ad1646b5c93de1719965844e004fcad23c91228aca1cf0800044a1", size = 14373079 },
    { url = "https://files.pythonhosted.org/packages/c5/5c/ceefca458559f0ccc7a982319f37ed07b0d7b526964ae6cc61f8ad1b6119/numpy-2.2.4-cp311-cp311-manylinux_2_17_x86_64.manylinux2014_x86_64.whl", hash = "sha256:f4162988a360a29af158aeb4a2f4f09ffed6a969c9776f8f3bdee9b06a8ab7e5", size = 16428819 },
    { url = "https://files.pythonhosted.org/packages/22/31/9b2ac8eee99e001eb6add9fa27514ef5e9faf176169057a12860af52704c/numpy-2.2.4-cp311-cp311-musllinux_1_2_aarch64.whl", hash = "sha256:892c10d6a73e0f14935c31229e03325a7b3093fafd6ce0af704be7f894d95687", size = 15881470 },
    { url = "https://files.pythonhosted.org/packages/f0/dc/8569b5f25ff30484b555ad8a3f537e0225d091abec386c9420cf5f7a2976/numpy-2.2.4-cp311-cp311-musllinux_1_2_x86_64.whl", hash = "sha256:db1f1c22173ac1c58db249ae48aa7ead29f534b9a948bc56828337aa84a32ed6", size = 18218144 },
    { url = "https://files.pythonhosted.org/packages/5e/05/463c023a39bdeb9bb43a99e7dee2c664cb68d5bb87d14f92482b9f6011cc/numpy-2.2.4-cp311-cp311-win32.whl", hash = "sha256:ea2bb7e2ae9e37d96835b3576a4fa4b3a97592fbea8ef7c3587078b0068b8f09", size = 6606368 },
    { url = "https://files.pythonhosted.org/packages/8b/72/10c1d2d82101c468a28adc35de6c77b308f288cfd0b88e1070f15b98e00c/numpy-2.2.4-cp311-cp311-win_amd64.whl", hash = "sha256:f7de08cbe5551911886d1ab60de58448c6df0f67d9feb7d1fb21e9875ef95e91", size = 12947526 },
    { url = "https://files.pythonhosted.org/packages/a2/30/182db21d4f2a95904cec1a6f779479ea1ac07c0647f064dea454ec650c42/numpy-2.2.4-cp312-cp312-macosx_10_13_x86_64.whl", hash = "sha256:a7b9084668aa0f64e64bd00d27ba5146ef1c3a8835f3bd912e7a9e01326804c4", size = 20947156 },
    { url = "https://files.pythonhosted.org/packages/24/6d/9483566acfbda6c62c6bc74b6e981c777229d2af93c8eb2469b26ac1b7bc/numpy-2.2.4-cp312-cp312-macosx_11_0_arm64.whl", hash = "sha256:dbe512c511956b893d2dacd007d955a3f03d555ae05cfa3ff1c1ff6df8851854", size = 14133092 },
    { url = "https://files.pythonhosted.org/packages/27/f6/dba8a258acbf9d2bed2525cdcbb9493ef9bae5199d7a9cb92ee7e9b2aea6/numpy-2.2.4-cp312-cp312-macosx_14_0_arm64.whl", hash = "sha256:bb649f8b207ab07caebba230d851b579a3c8711a851d29efe15008e31bb4de24", size = 5163515 },
    { url = "https://files.pythonhosted.org/packages/62/30/82116199d1c249446723c68f2c9da40d7f062551036f50b8c4caa42ae252/numpy-2.2.4-cp312-cp312-macosx_14_0_x86_64.whl", hash = "sha256:f34dc300df798742b3d06515aa2a0aee20941c13579d7a2f2e10af01ae4901ee", size = 6696558 },
    { url = "https://files.pythonhosted.org/packages/0e/b2/54122b3c6df5df3e87582b2e9430f1bdb63af4023c739ba300164c9ae503/numpy-2.2.4-cp312-cp312-manylinux_2_17_aarch64.manylinux2014_aarch64.whl", hash = "sha256:c3f7ac96b16955634e223b579a3e5798df59007ca43e8d451a0e6a50f6bfdfba", size = 14084742 },
    { url = "https://files.pythonhosted.org/packages/02/e2/e2cbb8d634151aab9528ef7b8bab52ee4ab10e076509285602c2a3a686e0/numpy-2.2.4-cp312-cp312-manylinux_2_17_x86_64.manylinux2014_x86_64.whl", hash = "sha256:4f92084defa704deadd4e0a5ab1dc52d8ac9e8a8ef617f3fbb853e79b0ea3592", size = 16134051 },
    { url = "https://files.pythonhosted.org/packages/8e/21/efd47800e4affc993e8be50c1b768de038363dd88865920439ef7b422c60/numpy-2.2.4-cp312-cp312-musllinux_1_2_aarch64.whl", hash = "sha256:7a4e84a6283b36632e2a5b56e121961f6542ab886bc9e12f8f9818b3c266bfbb", size = 15578972 },
    { url = "https://files.pythonhosted.org/packages/04/1e/f8bb88f6157045dd5d9b27ccf433d016981032690969aa5c19e332b138c0/numpy-2.2.4-cp312-cp312-musllinux_1_2_x86_64.whl", hash = "sha256:11c43995255eb4127115956495f43e9343736edb7fcdb0d973defd9de14cd84f", size = 17898106 },
    { url = "https://files.pythonhosted.org/packages/2b/93/df59a5a3897c1f036ae8ff845e45f4081bb06943039ae28a3c1c7c780f22/numpy-2.2.4-cp312-cp312-win32.whl", hash = "sha256:65ef3468b53269eb5fdb3a5c09508c032b793da03251d5f8722b1194f1790c00", size = 6311190 },
    { url = "https://files.pythonhosted.org/packages/46/69/8c4f928741c2a8efa255fdc7e9097527c6dc4e4df147e3cadc5d9357ce85/numpy-2.2.4-cp312-cp312-win_amd64.whl", hash = "sha256:2aad3c17ed2ff455b8eaafe06bcdae0062a1db77cb99f4b9cbb5f4ecb13c5146", size = 12644305 },
    { url = "https://files.pythonhosted.org/packages/2a/d0/bd5ad792e78017f5decfb2ecc947422a3669a34f775679a76317af671ffc/numpy-2.2.4-cp313-cp313-macosx_10_13_x86_64.whl", hash = "sha256:1cf4e5c6a278d620dee9ddeb487dc6a860f9b199eadeecc567f777daace1e9e7", size = 20933623 },
    { url = "https://files.pythonhosted.org/packages/c3/bc/2b3545766337b95409868f8e62053135bdc7fa2ce630aba983a2aa60b559/numpy-2.2.4-cp313-cp313-macosx_11_0_arm64.whl", hash = "sha256:1974afec0b479e50438fc3648974268f972e2d908ddb6d7fb634598cdb8260a0", size = 14148681 },
    { url = "https://files.pythonhosted.org/packages/6a/70/67b24d68a56551d43a6ec9fe8c5f91b526d4c1a46a6387b956bf2d64744e/numpy-2.2.4-cp313-cp313-macosx_14_0_arm64.whl", hash = "sha256:79bd5f0a02aa16808fcbc79a9a376a147cc1045f7dfe44c6e7d53fa8b8a79392", size = 5148759 },
    { url = "https://files.pythonhosted.org/packages/1c/8b/e2fc8a75fcb7be12d90b31477c9356c0cbb44abce7ffb36be39a0017afad/numpy-2.2.4-cp313-cp313-macosx_14_0_x86_64.whl", hash = "sha256:3387dd7232804b341165cedcb90694565a6015433ee076c6754775e85d86f1fc", size = 6683092 },
    { url = "https://files.pythonhosted.org/packages/13/73/41b7b27f169ecf368b52533edb72e56a133f9e86256e809e169362553b49/numpy-2.2.4-cp313-cp313-manylinux_2_17_aarch64.manylinux2014_aarch64.whl", hash = "sha256:6f527d8fdb0286fd2fd97a2a96c6be17ba4232da346931d967a0630050dfd298", size = 14081422 },
    { url = "https://files.pythonhosted.org/packages/4b/04/e208ff3ae3ddfbafc05910f89546382f15a3f10186b1f56bd99f159689c2/numpy-2.2.4-cp313-cp313-manylinux_2_17_x86_64.manylinux2014_x86_64.whl", hash = "sha256:bce43e386c16898b91e162e5baaad90c4b06f9dcbe36282490032cec98dc8ae7", size = 16132202 },
    { url = "https://files.pythonhosted.org/packages/fe/bc/2218160574d862d5e55f803d88ddcad88beff94791f9c5f86d67bd8fbf1c/numpy-2.2.4-cp313-cp313-musllinux_1_2_aarch64.whl", hash = "sha256:31504f970f563d99f71a3512d0c01a645b692b12a63630d6aafa0939e52361e6", size = 15573131 },
    { url = "https://files.pythonhosted.org/packages/a5/78/97c775bc4f05abc8a8426436b7cb1be806a02a2994b195945600855e3a25/numpy-2.2.4-cp313-cp313-musllinux_1_2_x86_64.whl", hash = "sha256:81413336ef121a6ba746892fad881a83351ee3e1e4011f52e97fba79233611fd", size = 17894270 },
    { url = "https://files.pythonhosted.org/packages/b9/eb/38c06217a5f6de27dcb41524ca95a44e395e6a1decdc0c99fec0832ce6ae/numpy-2.2.4-cp313-cp313-win32.whl", hash = "sha256:f486038e44caa08dbd97275a9a35a283a8f1d2f0ee60ac260a1790e76660833c", size = 6308141 },
    { url = "https://files.pythonhosted.org/packages/52/17/d0dd10ab6d125c6d11ffb6dfa3423c3571befab8358d4f85cd4471964fcd/numpy-2.2.4-cp313-cp313-win_amd64.whl", hash = "sha256:207a2b8441cc8b6a2a78c9ddc64d00d20c303d79fba08c577752f080c4007ee3", size = 12636885 },
    { url = "https://files.pythonhosted.org/packages/fa/e2/793288ede17a0fdc921172916efb40f3cbc2aa97e76c5c84aba6dc7e8747/numpy-2.2.4-cp313-cp313t-macosx_10_13_x86_64.whl", hash = "sha256:8120575cb4882318c791f839a4fd66161a6fa46f3f0a5e613071aae35b5dd8f8", size = 20961829 },
    { url = "https://files.pythonhosted.org/packages/3a/75/bb4573f6c462afd1ea5cbedcc362fe3e9bdbcc57aefd37c681be1155fbaa/numpy-2.2.4-cp313-cp313t-macosx_11_0_arm64.whl", hash = "sha256:a761ba0fa886a7bb33c6c8f6f20213735cb19642c580a931c625ee377ee8bd39", size = 14161419 },
    { url = "https://files.pythonhosted.org/packages/03/68/07b4cd01090ca46c7a336958b413cdbe75002286295f2addea767b7f16c9/numpy-2.2.4-cp313-cp313t-macosx_14_0_arm64.whl", hash = "sha256:ac0280f1ba4a4bfff363a99a6aceed4f8e123f8a9b234c89140f5e894e452ecd", size = 5196414 },
    { url = "https://files.pythonhosted.org/packages/a5/fd/d4a29478d622fedff5c4b4b4cedfc37a00691079623c0575978d2446db9e/numpy-2.2.4-cp313-cp313t-macosx_14_0_x86_64.whl", hash = "sha256:879cf3a9a2b53a4672a168c21375166171bc3932b7e21f622201811c43cdd3b0", size = 6709379 },
    { url = "https://files.pythonhosted.org/packages/41/78/96dddb75bb9be730b87c72f30ffdd62611aba234e4e460576a068c98eff6/numpy-2.2.4-cp313-cp313t-manylinux_2_17_aarch64.manylinux2014_aarch64.whl", hash = "sha256:f05d4198c1bacc9124018109c5fba2f3201dbe7ab6e92ff100494f236209c960", size = 14051725 },
    { url = "https://files.pythonhosted.org/packages/00/06/5306b8199bffac2a29d9119c11f457f6c7d41115a335b78d3f86fad4dbe8/numpy-2.2.4-cp313-cp313t-manylinux_2_17_x86_64.manylinux2014_x86_64.whl", hash = "sha256:e2f085ce2e813a50dfd0e01fbfc0c12bbe5d2063d99f8b29da30e544fb6483b8", size = 16101638 },
    { url = "https://files.pythonhosted.org/packages/fa/03/74c5b631ee1ded596945c12027649e6344614144369fd3ec1aaced782882/numpy-2.2.4-cp313-cp313t-musllinux_1_2_aarch64.whl", hash = "sha256:92bda934a791c01d6d9d8e038363c50918ef7c40601552a58ac84c9613a665bc", size = 15571717 },
    { url = "https://files.pythonhosted.org/packages/cb/dc/4fc7c0283abe0981e3b89f9b332a134e237dd476b0c018e1e21083310c31/numpy-2.2.4-cp313-cp313t-musllinux_1_2_x86_64.whl", hash = "sha256:ee4d528022f4c5ff67332469e10efe06a267e32f4067dc76bb7e2cddf3cd25ff", size = 17879998 },
    { url = "https://files.pythonhosted.org/packages/e5/2b/878576190c5cfa29ed896b518cc516aecc7c98a919e20706c12480465f43/numpy-2.2.4-cp313-cp313t-win32.whl", hash = "sha256:05c076d531e9998e7e694c36e8b349969c56eadd2cdcd07242958489d79a7286", size = 6366896 },
    { url = "https://files.pythonhosted.org/packages/3e/05/eb7eec66b95cf697f08c754ef26c3549d03ebd682819f794cb039574a0a6/numpy-2.2.4-cp313-cp313t-win_amd64.whl", hash = "sha256:188dcbca89834cc2e14eb2f106c96d6d46f200fe0200310fc29089657379c58d", size = 12739119 },
]

[[package]]
name = "opencv-python"
version = "4.11.0.86"
source = { registry = "https://pypi.org/simple" }
dependencies = [
    { name = "numpy" },
]
sdist = { url = "https://files.pythonhosted.org/packages/17/06/68c27a523103dad5837dc5b87e71285280c4f098c60e4fe8a8db6486ab09/opencv-python-4.11.0.86.tar.gz", hash = "sha256:03d60ccae62304860d232272e4a4fda93c39d595780cb40b161b310244b736a4", size = 95171956 }
wheels = [
    { url = "https://files.pythonhosted.org/packages/05/4d/53b30a2a3ac1f75f65a59eb29cf2ee7207ce64867db47036ad61743d5a23/opencv_python-4.11.0.86-cp37-abi3-macosx_13_0_arm64.whl", hash = "sha256:432f67c223f1dc2824f5e73cdfcd9db0efc8710647d4e813012195dc9122a52a", size = 37326322 },
    { url = "https://files.pythonhosted.org/packages/3b/84/0a67490741867eacdfa37bc18df96e08a9d579583b419010d7f3da8ff503/opencv_python-4.11.0.86-cp37-abi3-macosx_13_0_x86_64.whl", hash = "sha256:9d05ef13d23fe97f575153558653e2d6e87103995d54e6a35db3f282fe1f9c66", size = 56723197 },
    { url = "https://files.pythonhosted.org/packages/f3/bd/29c126788da65c1fb2b5fb621b7fed0ed5f9122aa22a0868c5e2c15c6d23/opencv_python-4.11.0.86-cp37-abi3-manylinux_2_17_aarch64.manylinux2014_aarch64.whl", hash = "sha256:1b92ae2c8852208817e6776ba1ea0d6b1e0a1b5431e971a2a0ddd2a8cc398202", size = 42230439 },
    { url = "https://files.pythonhosted.org/packages/2c/8b/90eb44a40476fa0e71e05a0283947cfd74a5d36121a11d926ad6f3193cc4/opencv_python-4.11.0.86-cp37-abi3-manylinux_2_17_x86_64.manylinux2014_x86_64.whl", hash = "sha256:6b02611523803495003bd87362db3e1d2a0454a6a63025dc6658a9830570aa0d", size = 62986597 },
    { url = "https://files.pythonhosted.org/packages/fb/d7/1d5941a9dde095468b288d989ff6539dd69cd429dbf1b9e839013d21b6f0/opencv_python-4.11.0.86-cp37-abi3-win32.whl", hash = "sha256:810549cb2a4aedaa84ad9a1c92fbfdfc14090e2749cedf2c1589ad8359aa169b", size = 29384337 },
    { url = "https://files.pythonhosted.org/packages/a4/7d/f1c30a92854540bf789e9cd5dde7ef49bbe63f855b85a2e6b3db8135c591/opencv_python-4.11.0.86-cp37-abi3-win_amd64.whl", hash = "sha256:085ad9b77c18853ea66283e98affefe2de8cc4c1f43eda4c100cf9b2721142ec", size = 39488044 },
]

[[package]]
name = "pysimplegui"
version = "5.0.8.2"
source = { registry = "https://pypi.org/simple" }
sdist = { url = "https://files.pythonhosted.org/packages/59/de/3314846c1703d4e95e5694f61d9fe954b291963dcaef021db2ce071a88ad/pysimplegui-5.0.8.2.tar.gz", hash = "sha256:29580f9a432c9d54523ee65c61b90e8b83d10690f8daf66abedba415e5e90c65", size = 15645 }
wheels = [
    { url = "https://files.pythonhosted.org/packages/b8/b4/2616e700d98021cbeb2fd28672c588e3ca9b480f50cfd34ee10b8bf1a590/pysimplegui-5.0.8.2-py3-none-any.whl", hash = "sha256:b353edf41e9be6863da465731f12638693a022f01eee8c52bb3b6d50a3498692", size = 16307 },
]
